
Microsoft Visual Studio Solution File, Format Version 12.00
# Visual Studio Version 16
VisualStudioVersion = 16.0.30204.135
MinimumVisualStudioVersion = 10.0.40219.1
Project("{FAE04EC0-301F-11D3-BF4B-00C04F79EFBC}") = "SonarQubeTests.Tests", "tests\SonarQubeTests.Tests\SonarQubeTests.Tests.csproj", "{C0C3C6E7-2318-482B-AFD7-EDE34A4811F3}"
EndProject
Project("{9A19103F-16F7-4668-BE54-9A1E7A4F7556}") = "SomeCode", "src\SomeCode\SomeCode.csproj", "{A298201F-93AC-4879-82FF-592294DAD4EB}"
EndProject
Global
	GlobalSection(SolutionConfigurationPlatforms) = preSolution
		Debug|Any CPU = Debug|Any CPU
		Release|Any CPU = Release|Any CPU
	EndGlobalSection
	GlobalSection(ProjectConfigurationPlatforms) = postSolution
		{C0C3C6E7-2318-482B-AFD7-EDE34A4811F3}.Debug|Any CPU.ActiveCfg = Debug|Any CPU
		{C0C3C6E7-2318-482B-AFD7-EDE34A4811F3}.Debug|Any CPU.Build.0 = Debug|Any CPU
		{C0C3C6E7-2318-482B-AFD7-EDE34A4811F3}.Release|Any CPU.ActiveCfg = Release|Any CPU
		{C0C3C6E7-2318-482B-AFD7-EDE34A4811F3}.Release|Any CPU.Build.0 = Release|Any CPU
		{A298201F-93AC-4879-82FF-592294DAD4EB}.Debug|Any CPU.ActiveCfg = Debug|Any CPU
		{A298201F-93AC-4879-82FF-592294DAD4EB}.Debug|Any CPU.Build.0 = Debug|Any CPU
		{A298201F-93AC-4879-82FF-592294DAD4EB}.Release|Any CPU.ActiveCfg = Release|Any CPU
		{A298201F-93AC-4879-82FF-592294DAD4EB}.Release|Any CPU.Build.0 = Release|Any CPU
	EndGlobalSection
	GlobalSection(SolutionProperties) = preSolution
		HideSolutionNode = FALSE
	EndGlobalSection
	GlobalSection(ExtensibilityGlobals) = postSolution
		SolutionGuid = {DD659E4D-5DD3-4A3C-AAD7-EFA6129ADC10}
	EndGlobalSection
EndGlobal
